
Microsoft Visual Studio Solution File, Format Version 12.00
# Visual Studio Version 16
VisualStudioVersion = 16.0.31729.503
MinimumVisualStudioVersion = 10.0.40219.1
Project("{FAE04EC0-301F-11D3-BF4B-00C04F79EFBC}") = "EmpWageProb", "EmpWageProb\EmpWageProb.csproj", "{D863577B-B7DB-408B-A2B8-74C215010513}"
EndProject
Global
	GlobalSection(SolutionConfigurationPlatforms) = preSolution
		Debug|Any CPU = Debug|Any CPU
		Release|Any CPU = Release|Any CPU
	EndGlobalSection
	GlobalSection(ProjectConfigurationPlatforms) = postSolution
		{D863577B-B7DB-408B-A2B8-74C215010513}.Debug|Any CPU.ActiveCfg = Debug|Any CPU
		{D863577B-B7DB-408B-A2B8-74C215010513}.Debug|Any CPU.Build.0 = Debug|Any CPU
		{D863577B-B7DB-408B-A2B8-74C215010513}.Release|Any CPU.ActiveCfg = Release|Any CPU
		{D863577B-B7DB-408B-A2B8-74C215010513}.Release|Any CPU.Build.0 = Release|Any CPU
	EndGlobalSection
	GlobalSection(SolutionProperties) = preSolution
		HideSolutionNode = FALSE
	EndGlobalSection
	GlobalSection(ExtensibilityGlobals) = postSolution
		SolutionGuid = {C526C408-2500-4C13-9DE7-036F3EAC63A0}
	EndGlobalSection
EndGlobal
